
Microsoft Visual Studio Solution File, Format Version 12.00
# Visual Studio 15
VisualStudioVersion = 15.0.26730.16
MinimumVisualStudioVersion = 10.0.40219.1
Project("{9A19103F-16F7-4668-BE54-9A1E7A4F7556}") = "SecretService", "SecretService\SecretService.csproj", "{F010AA99-D8EF-44D5-A152-568C42340773}"
EndProject
Project("{FAE04EC0-301F-11D3-BF4B-00C04F79EFBC}") = "Data", "Data\Data.csproj", "{3061617B-E434-427E-8B37-BB8962784CEE}"
EndProject
Project("{FAE04EC0-301F-11D3-BF4B-00C04F79EFBC}") = "Repository", "Repository\Repository.csproj", "{F7EAB086-90D5-4994-9FBB-55EBFB2D8D9C}"
EndProject
Global
	GlobalSection(SolutionConfigurationPlatforms) = preSolution
		Debug|Any CPU = Debug|Any CPU
		Release|Any CPU = Release|Any CPU
	EndGlobalSection
	GlobalSection(ProjectConfigurationPlatforms) = postSolution
		{F010AA99-D8EF-44D5-A152-568C42340773}.Debug|Any CPU.ActiveCfg = Debug|Any CPU
		{F010AA99-D8EF-44D5-A152-568C42340773}.Debug|Any CPU.Build.0 = Debug|Any CPU
		{F010AA99-D8EF-44D5-A152-568C42340773}.Release|Any CPU.ActiveCfg = Release|Any CPU
		{F010AA99-D8EF-44D5-A152-568C42340773}.Release|Any CPU.Build.0 = Release|Any CPU
		{3061617B-E434-427E-8B37-BB8962784CEE}.Debug|Any CPU.ActiveCfg = Debug|Any CPU
		{3061617B-E434-427E-8B37-BB8962784CEE}.Debug|Any CPU.Build.0 = Debug|Any CPU
		{3061617B-E434-427E-8B37-BB8962784CEE}.Release|Any CPU.ActiveCfg = Release|Any CPU
		{3061617B-E434-427E-8B37-BB8962784CEE}.Release|Any CPU.Build.0 = Release|Any CPU
		{F7EAB086-90D5-4994-9FBB-55EBFB2D8D9C}.Debug|Any CPU.ActiveCfg = Debug|Any CPU
		{F7EAB086-90D5-4994-9FBB-55EBFB2D8D9C}.Debug|Any CPU.Build.0 = Debug|Any CPU
		{F7EAB086-90D5-4994-9FBB-55EBFB2D8D9C}.Release|Any CPU.ActiveCfg = Release|Any CPU
		{F7EAB086-90D5-4994-9FBB-55EBFB2D8D9C}.Release|Any CPU.Build.0 = Release|Any CPU
	EndGlobalSection
	GlobalSection(SolutionProperties) = preSolution
		HideSolutionNode = FALSE
	EndGlobalSection
	GlobalSection(ExtensibilityGlobals) = postSolution
		SolutionGuid = {6A8AA230-AB30-44B7-940F-AD112C30A62A}
	EndGlobalSection
EndGlobal
